{
  "name": "simple-js-ecdsa",
  "version": "1.8.1",
  "lockfileVersion": 3,
  "requires": true,
  "packages": {
    "": {
      "name": "simple-js-ecdsa",
      "version": "1.8.1",
      "license": "MIT",
      "dependencies": {
        "bs58": "^4.0.1",
        "simple-js-ec-math": "github:Azero123/simple-js-ec-math#browser-support",
        "simple-js-secp256k1": "github:Azero123/simple-js-secp256k1#native-bigint",
        "simple-js-sha2-256": "^1.0.6"
      }
    },
    "node_modules/base-x": {
      "version": "3.0.11",
      "resolved": "https://registry.npmjs.org/base-x/-/base-x-3.0.11.tgz",
      "integrity": "sha512-xz7wQ8xDhdyP7tQxwdteLYeFfS68tSMNCZ/Y37WJ4bhGfKPpqEIlmIyueQHqOyoPhE6xNUqjzRr8ra0eF9VRvA==",
      "dependencies": {
        "safe-buffer": "^5.0.1"
      }
    },
    "node_modules/bs58": {
      "version": "4.0.1",
      "resolved": "https://registry.npmjs.org/bs58/-/bs58-4.0.1.tgz",
      "integrity": "sha512-Ok3Wdf5vOIlBrgCvTq96gBkJw+JUEzdBgyaza5HLtPm7yTHkjRy8+JzNyHF7BHa0bNWOQIp3m5YF0nnFcOIKLw==",
      "dependencies": {
        "base-x": "^3.0.2"
      }
    },
    "node_modules/safe-buffer": {
      "version": "5.2.1",
      "resolved": "https://registry.npmjs.org/safe-buffer/-/safe-buffer-5.2.1.tgz",
      "integrity": "sha512-rp3So07KcdmmKbGvgaNxQSJr7bGVSVk5S9Eq1F+ppbRo70+YeaDxkw5Dd8NPN+GD6bjnYm2VuPuCXmpuYvmCXQ==",
      "funding": [
        {
          "type": "github",
          "url": "https://github.com/sponsors/feross"
        },
        {
          "type": "patreon",
          "url": "https://www.patreon.com/feross"
        },
        {
          "type": "consulting",
          "url": "https://feross.org/support"
        }
      ]
    },
    "node_modules/simple-js-ec-math": {
      "version": "2.1.0",
      "resolved": "git+ssh://git@github.com/Azero123/simple-js-ec-math.git#ca0721edc907da29059cc45212408899fb712e56"
    },
    "node_modules/simple-js-secp256k1": {
      "version": "2.0.0",
      "resolved": "git+ssh://git@github.com/Azero123/simple-js-secp256k1.git#89dd00e1f15c714e80504ea12c23380a4c17b0a4",
      "dependencies": {
        "simple-js-ec-math": "^2.0.1"
      }
    },
    "node_modules/simple-js-sha2-256": {
      "version": "1.0.7",
      "resolved": "https://registry.npmjs.org/simple-js-sha2-256/-/simple-js-sha2-256-1.0.7.tgz",
      "integrity": "sha512-Z5dUk/kYx3NlkrNTe2tE+a01eVagNmbZ2Sc2wfqCdYjVe6LSs/xZ1UlI0eLKSfMVCjNWz7J+nKwX/7S6JX9aNw=="
    }
  }
}
